# Generated by pub
# See https://dart.dev/tools/pub/glossary#lockfile
packages:
  _flutterfire_internals:
    dependency: transitive
    description:
      name: _flutterfire_internals
      sha256: "2350805d7afefb0efe7acd325cb19d3ae8ba4039b906eade3807ffb69938a01f"
      url: "https://pub.dev"
    source: hosted
    version: "1.3.33"
  archive:
    dependency: transitive
    description:
      name: archive
      sha256: "0763b45fa9294197a2885c8567927e2830ade852e5c896fd4ab7e0e348d0f373"
      url: "https://pub.dev"
    source: hosted
    version: "3.5.0"
  args:
    dependency: transitive
    description:
	@@ -109,26 +109,26 @@ packages:
    dependency: "direct main"
    description:
      name: cloud_firestore
      sha256: "58ea77912e355cfd4e49f858e01d5ab4f99c7181ebd545b3fbeae25d6677dff6"
      url: "https://pub.dev"
    source: hosted
    version: "4.17.2"
  cloud_firestore_platform_interface:
    dependency: transitive
    description:
      name: cloud_firestore_platform_interface
      sha256: "9cb7d350c08c3d4987d34f418037aca3882649cdad5158440b4b932232edcf82"
      url: "https://pub.dev"
    source: hosted
    version: "6.2.2"
  cloud_firestore_web:
    dependency: transitive
    description:
      name: cloud_firestore_web
      sha256: "28db029962ebdcb8caf80f0c109f359ebcefa983b85fb62e5a220b1a577d84b5"
      url: "https://pub.dev"
    source: hosted
    version: "3.12.2"
  collection:
    dependency: transitive
    description:
	@@ -253,10 +253,10 @@ packages:
    dependency: transitive
    description:
      name: file_selector_macos
      sha256: b15c3da8bd4908b9918111fa486903f5808e388b8d1c559949f584725a6594d6
      url: "https://pub.dev"
    source: hosted
    version: "0.9.3+3"
  file_selector_platform_interface:
    dependency: transitive
    description:
	@@ -277,82 +277,82 @@ packages:
    dependency: "direct main"
    description:
      name: firebase_analytics
      sha256: c56bcc7abc6caacc33e8495bc604a5861d25ce371f1b06476ae226e7cbb21d4c
      url: "https://pub.dev"
    source: hosted
    version: "10.10.4"
  firebase_analytics_platform_interface:
    dependency: transitive
    description:
      name: firebase_analytics_platform_interface
      sha256: e8cdb845820eaa5f1d29de31a72aab8addbbffc6483f1e5123a9d0b611735285
      url: "https://pub.dev"
    source: hosted
    version: "3.10.5"
  firebase_analytics_web:
    dependency: transitive
    description:
      name: firebase_analytics_web
      sha256: e2fabebdf16bb99506a1e7e84f5effd6313c90678e6ea1876d301f057483a198
      url: "https://pub.dev"
    source: hosted
    version: "0.5.7+4"
  firebase_app_check:
    dependency: "direct main"
    description:
      name: firebase_app_check
      sha256: f66b67027de548b6f8b61c7aa752a24804104e7f463723d202ae9c6d9520fa6b
      url: "https://pub.dev"
    source: hosted
    version: "0.2.2+5"
  firebase_app_check_platform_interface:
    dependency: transitive
    description:
      name: firebase_app_check_platform_interface
      sha256: c06fcb2381ff2566f4ebe1a1df2e1798de3d0fad531f673e8539368f33cf6b34
      url: "https://pub.dev"
    source: hosted
    version: "0.1.0+27"
  firebase_app_check_web:
    dependency: transitive
    description:
      name: firebase_app_check_web
      sha256: "88c8d792d429a43767461312f29baa5d3b76cd0453cf48dd008f8f94393221c1"
      url: "https://pub.dev"
    source: hosted
    version: "0.1.2+5"
  firebase_auth:
    dependency: "direct main"
    description:
      name: firebase_auth
      sha256: "63b4401c95ddb00fb272872c451147e33509e80eed43937369910ef6c34c00b7"
      url: "https://pub.dev"
    source: hosted
    version: "4.19.4"
  firebase_auth_platform_interface:
    dependency: transitive
    description:
      name: firebase_auth_platform_interface
      sha256: "4e204f9ef43d83ac9e7a324a9317e4dd2a1ddda2aa72b67bc6cc364f0b8492dc"
      url: "https://pub.dev"
    source: hosted
    version: "7.2.5"
  firebase_auth_web:
    dependency: transitive
    description:
      name: firebase_auth_web
      sha256: "809a2eb444d1a07c0a680b205b86d713bc7171a4b2627fd6c01cf05f2b6f93cd"
      url: "https://pub.dev"
    source: hosted
    version: "5.11.4"
  firebase_core:
    dependency: "direct main"
    description:
      name: firebase_core
      sha256: "372d94ced114b9c40cb85e18c50ac94a7e998c8eec630c50d7aec047847d27bf"
      url: "https://pub.dev"
    source: hosted
    version: "2.31.0"
  firebase_core_platform_interface:
    dependency: transitive
    description:
	@@ -373,50 +373,50 @@ packages:
    dependency: "direct main"
    description:
      name: firebase_messaging
      sha256: e0882a7426821f7caccaabfc15a535155cd15b4daa73a5a7b3af701a552d73ab
      url: "https://pub.dev"
    source: hosted
    version: "14.9.2"
  firebase_messaging_platform_interface:
    dependency: transitive
    description:
      name: firebase_messaging_platform_interface
      sha256: "52e12cc50e1395ad7ea3552dcbe9958fb1994b5afcf58ee4c0db053932a6fce5"
      url: "https://pub.dev"
    source: hosted
    version: "4.5.35"
  firebase_messaging_web:
    dependency: transitive
    description:
      name: firebase_messaging_web
      sha256: "8812cc5929380b783f92290d934bf32e2fea06701583f47cdccd5f13f4f24522"
      url: "https://pub.dev"
    source: hosted
    version: "3.8.5"
  firebase_storage:
    dependency: "direct main"
    description:
      name: firebase_storage
      sha256: da76ca9c11d795c4bae1bd13b31d54bb9eb9ccbee7eb5f6b86b8294370e9d488
      url: "https://pub.dev"
    source: hosted
    version: "11.7.5"
  firebase_storage_platform_interface:
    dependency: transitive
    description:
      name: firebase_storage_platform_interface
      sha256: be17bfa9110a6429b40dd3760c755034079fd734aa1dd2476d5638ab780cc508
      url: "https://pub.dev"
    source: hosted
    version: "5.1.20"
  firebase_storage_web:
    dependency: transitive
    description:
      name: firebase_storage_web
      sha256: "5219c20c0768a8e2ffedf0a116b7bc80ab32fcc6e2cbd50cbde14f8c4575c3f4"
      url: "https://pub.dev"
    source: hosted
    version: "3.9.5"
  fixnum:
    dependency: transitive
    description:
	@@ -450,10 +450,10 @@ packages:
    dependency: "direct main"
    description:
      name: flutter_gemini
      sha256: "1e106f4644d1bc3b1806c9fbf0b6399873b16041d61ea12e3fc229f23f3aa067"
      url: "https://pub.dev"
    source: hosted
    version: "2.0.3"
  flutter_inappwebview:
    dependency: "direct main"
    description:
	@@ -570,10 +570,10 @@ packages:
    dependency: transitive
    description:
      name: flutter_plugin_android_lifecycle
      sha256: "8cf40eebf5dec866a6d1956ad7b4f7016e6c0cc69847ab946833b7d43743809f"
      url: "https://pub.dev"
    source: hosted
    version: "2.0.19"
  flutter_polyline_points:
    dependency: "direct main"
    description:
	@@ -620,18 +620,18 @@ packages:
    dependency: "direct main"
    description:
      name: geolocator
      sha256: "694ec58afe97787b5b72b8a0ab78c1a9244811c3c10e72c4362ef3c0ceb005cd"
      url: "https://pub.dev"
    source: hosted
    version: "11.0.0"
  geolocator_android:
    dependency: transitive
    description:
      name: geolocator_android
      sha256: "80cd39a94100957431a6dd37cebd686f6d446bbc9a884d90c9a07b34fd28b923"
      url: "https://pub.dev"
    source: hosted
    version: "4.5.5"
  geolocator_apple:
    dependency: transitive
    description:
	@@ -644,10 +644,10 @@ packages:
    dependency: transitive
    description:
      name: geolocator_platform_interface
      sha256: "009a21c4bc2761e58dccf07c24f219adaebe0ff707abdfd40b0a763d4003fab9"
      url: "https://pub.dev"
    source: hosted
    version: "4.2.2"
  geolocator_web:
    dependency: transitive
    description:
	@@ -700,26 +700,26 @@ packages:
    dependency: transitive
    description:
      name: google_maps_flutter_android
      sha256: "0bcadb80eba39afda77dede89a6caafd3b68f2786b90491eceea4a01c3db181c"
      url: "https://pub.dev"
    source: hosted
    version: "2.8.0"
  google_maps_flutter_ios:
    dependency: transitive
    description:
      name: google_maps_flutter_ios
      sha256: e5132d17f051600d90d79d9f574b177c24231da702453a036db2490f9ced4646
      url: "https://pub.dev"
    source: hosted
    version: "2.6.0"
  google_maps_flutter_platform_interface:
    dependency: transitive
    description:
      name: google_maps_flutter_platform_interface
      sha256: "167af879da4d004cd58771f1469b91dcc3b9b0a2c5334cc6bf71fd41d4b35403"
      url: "https://pub.dev"
    source: hosted
    version: "2.6.0"
  google_maps_flutter_web:
    dependency: transitive
    description:
	@@ -748,10 +748,10 @@ packages:
    dependency: transitive
    description:
      name: google_sign_in_android
      sha256: "7647893c65e6720973f0e579051c8f84b877b486614d9f70a404259c41a4632e"
      url: "https://pub.dev"
    source: hosted
    version: "6.1.23"
  google_sign_in_ios:
    dependency: transitive
    description:
	@@ -804,26 +804,26 @@ packages:
    dependency: "direct main"
    description:
      name: image
      sha256: "4c68bfd5ae83e700b5204c1e74451e7bf3cf750e6843c6e158289cf56bda018e"
      url: "https://pub.dev"
    source: hosted
    version: "4.1.7"
  image_picker:
    dependency: "direct main"
    description:
      name: image_picker
      sha256: "33974eca2e87e8b4e3727f1b94fa3abcb25afe80b6bc2c4d449a0e150aedf720"
      url: "https://pub.dev"
    source: hosted
    version: "1.1.1"
  image_picker_android:
    dependency: transitive
    description:
      name: image_picker_android
      sha256: "40e24f467b75cd6f4a92ee93dd13d1a7bcb4523a84fd95f00c755f01f42398c8"
      url: "https://pub.dev"
    source: hosted
    version: "0.8.11"
  image_picker_for_web:
    dependency: transitive
    description:
	@@ -836,10 +836,10 @@ packages:
    dependency: transitive
    description:
      name: image_picker_ios
      sha256: f74064bc548b5164a033ec05638e23c91be1a249c255e0f56319dddffd759794
      url: "https://pub.dev"
    source: hosted
    version: "0.8.10+1"
  image_picker_linux:
    dependency: transitive
    description:
	@@ -908,26 +908,26 @@ packages:
    dependency: transitive
    description:
      name: leak_tracker
      sha256: "78eb209deea09858f5269f5a5b02be4049535f568c07b275096836f01ea323fa"
      url: "https://pub.dev"
    source: hosted
    version: "10.0.0"
  leak_tracker_flutter_testing:
    dependency: transitive
    description:
      name: leak_tracker_flutter_testing
      sha256: b46c5e37c19120a8a01918cfaf293547f47269f7cb4b0058f21531c2465d6ef0
      url: "https://pub.dev"
    source: hosted
    version: "2.0.1"
  leak_tracker_testing:
    dependency: transitive
    description:
      name: leak_tracker_testing
      sha256: a597f72a664dbd293f3bfc51f9ba69816f84dcd403cdac7066cb3f6003f3ab47
      url: "https://pub.dev"
    source: hosted
    version: "2.0.1"
  lints:
    dependency: transitive
    description:
	@@ -940,10 +940,10 @@ packages:
    dependency: "direct main"
    description:
      name: lottie
      sha256: ce2bb2605753915080e4ee47f036a64228c88dc7f56f7bc1dbe912d75b55b1e2
      url: "https://pub.dev"
    source: hosted
    version: "3.1.0"
  markdown:
    dependency: transitive
    description:
	@@ -972,10 +972,10 @@ packages:
    dependency: transitive
    description:
      name: meta
      sha256: d584fa6707a52763a52446f02cc621b077888fb63b93bbcb1143a7be5a0c0c04
      url: "https://pub.dev"
    source: hosted
    version: "1.11.0"
  mime:
    dependency: transitive
    description:
	@@ -1028,18 +1028,18 @@ packages:
    dependency: transitive
    description:
      name: path_provider_android
      sha256: a248d8146ee5983446bf03ed5ea8f6533129a12b11f12057ad1b4a67a2b3b41d
      url: "https://pub.dev"
    source: hosted
    version: "2.2.4"
  path_provider_foundation:
    dependency: transitive
    description:
      name: path_provider_foundation
      sha256: "5a7999be66e000916500be4f15a3633ebceb8302719b47b9cc49ce924125350f"
      url: "https://pub.dev"
    source: hosted
    version: "2.3.2"
  path_provider_linux:
    dependency: transitive
    description:
	@@ -1209,10 +1209,10 @@ packages:
    dependency: transitive
    description:
      name: test_api
      sha256: "5c2f730018264d276c20e4f1503fd1308dfbbae39ec8ee63c5236311ac06954b"
      url: "https://pub.dev"
    source: hosted
    version: "0.6.1"
  timezone:
    dependency: transitive
    description:
	@@ -1241,18 +1241,18 @@ packages:
    dependency: transitive
    description:
      name: url_launcher_android
      sha256: "360a6ed2027f18b73c8d98e159dda67a61b7f2e0f6ec26e86c3ada33b0621775"
      url: "https://pub.dev"
    source: hosted
    version: "6.3.1"
  url_launcher_ios:
    dependency: transitive
    description:
      name: url_launcher_ios
      sha256: "9149d493b075ed740901f3ee844a38a00b33116c7c5c10d7fb27df8987fb51d5"
      url: "https://pub.dev"
    source: hosted
    version: "6.2.5"
  url_launcher_linux:
    dependency: transitive
    description:
	@@ -1265,10 +1265,10 @@ packages:
    dependency: transitive
    description:
      name: url_launcher_macos
      sha256: b7244901ea3cf489c5335bdacda07264a6e960b1c1b1a9f91e4bc371d9e68234
      url: "https://pub.dev"
    source: hosted
    version: "3.1.0"
  url_launcher_platform_interface:
    dependency: transitive
    description:
	@@ -1345,18 +1345,18 @@ packages:
    dependency: transitive
    description:
      name: video_player_android
      sha256: "134e1ad410d67e18a19486ed9512c72dfc6d8ffb284d0e8f2e99e903d1ba8fa3"
      url: "https://pub.dev"
    source: hosted
    version: "2.4.14"
  video_player_avfoundation:
    dependency: transitive
    description:
      name: video_player_avfoundation
      sha256: "00c49b1d68071341397cf760b982c1e26ed9232464c8506ee08378a5cca5070d"
      url: "https://pub.dev"
    source: hosted
    version: "2.5.7"
  video_player_platform_interface:
    dependency: transitive
    description:
	@@ -1369,18 +1369,18 @@ packages:
    dependency: transitive
    description:
      name: video_player_web
      sha256: "41245cef5ef29c4585dbabcbcbe9b209e34376642c7576cabf11b4ad9289d6e4"
      url: "https://pub.dev"
    source: hosted
    version: "2.3.0"
  vm_service:
    dependency: transitive
    description:
      name: vm_service
      sha256: b3d56ff4341b8f182b96aceb2fa20e3dcb336b9f867bc0eafc0de10f1048e957
      url: "https://pub.dev"
    source: hosted
    version: "13.0.0"
  weather:
    dependency: "direct main"
    description:
	@@ -1401,10 +1401,10 @@ packages:
    dependency: transitive
    description:
      name: win32
      sha256: "0eaf06e3446824099858367950a813472af675116bf63f008a4c2a75ae13e9cb"
      url: "https://pub.dev"
    source: hosted
    version: "5.5.0"
  xdg_directories:
    dependency: transitive
    description:
	@@ -1430,5 +1430,5 @@ packages:
    source: hosted
    version: "3.1.2"
sdks:
  dart: ">=3.3.1 <4.0.0"
  flutter: ">=3.19.0"